// !$*UTF8*$!
{
	archiveVersion = 1;
	classes = {
	};
	objectVersion = 55;
	objects = {

/* Begin PBXBuildFile section */
		271941E32839BC97000D187F /* AppDelegate.swift in Sources */ = {isa = PBXBuildFile; fileRef = 271941E22839BC97000D187F /* AppDelegate.swift */; };
		271941E52839BC97000D187F /* SceneDelegate.swift in Sources */ = {isa = PBXBuildFile; fileRef = 271941E42839BC97000D187F /* SceneDelegate.swift */; };
		271941EA2839BC97000D187F /* Main.storyboard in Resources */ = {isa = PBXBuildFile; fileRef = 271941E82839BC97000D187F /* Main.storyboard */; };
		271941ED2839BC97000D187F /* goodnews.xcdatamodeld in Sources */ = {isa = PBXBuildFile; fileRef = 271941EB2839BC97000D187F /* goodnews.xcdatamodeld */; };
		271941EF2839BC98000D187F /* Assets.xcassets in Resources */ = {isa = PBXBuildFile; fileRef = 271941EE2839BC98000D187F /* Assets.xcassets */; };
		271941F22839BC98000D187F /* LaunchScreen.storyboard in Resources */ = {isa = PBXBuildFile; fileRef = 271941F02839BC98000D187F /* LaunchScreen.storyboard */; };
		271941FB2839BCD9000D187F /* NewListTableViewController.swift in Sources */ = {isa = PBXBuildFile; fileRef = 271941FA2839BCD9000D187F /* NewListTableViewController.swift */; };
		27A0ACC4283ACFC4008CAD24 /* WebServices.swift in Sources */ = {isa = PBXBuildFile; fileRef = 27A0ACC3283ACFC4008CAD24 /* WebServices.swift */; };
		27A0ACC7283AD6C1008CAD24 /* Article.swift in Sources */ = {isa = PBXBuildFile; fileRef = 27A0ACC6283AD6C1008CAD24 /* Article.swift */; };
		27A0ACCD283AE274008CAD24 /* ArticleTableViewCell.swift in Sources */ = {isa = PBXBuildFile; fileRef = 27A0ACCC283AE274008CAD24 /* ArticleTableViewCell.swift */; };
		27A0ACCF283AEE8A008CAD24 /* ArticleViewModel.swift in Sources */ = {isa = PBXBuildFile; fileRef = 27A0ACCE283AEE8A008CAD24 /* ArticleViewModel.swift */; };
/* End PBXBuildFile section */

/* Begin PBXFileReference section */
		271941DF2839BC97000D187F /* goodnews.app */ = {isa = PBXFileReference; explicitFileType = wrapper.application; includeInIndex = 0; path = goodnews.app; sourceTree = BUILT_PRODUCTS_DIR; };
		271941E22839BC97000D187F /* AppDelegate.swift */ = {isa = PBXFileReference; lastKnownFileType = sourcecode.swift; path = AppDelegate.swift; sourceTree = "<group>"; };
		271941E42839BC97000D187F /* SceneDelegate.swift */ = {isa = PBXFileReference; lastKnownFileType = sourcecode.swift; path = SceneDelegate.swift; sourceTree = "<group>"; };
		271941E92839BC97000D187F /* Base */ = {isa = PBXFileReference; lastKnownFileType = file.storyboard; name = Base; path = Base.lproj/Main.storyboard; sourceTree = "<group>"; };
		271941EC2839BC97000D187F /* goodnews.xcdatamodel */ = {isa = PBXFileReference; lastKnownFileType = wrapper.xcdatamodel; path = goodnews.xcdatamodel; sourceTree = "<group>"; };
		271941EE2839BC98000D187F /* Assets.xcassets */ = {isa = PBXFileReference; lastKnownFileType = folder.assetcatalog; path = Assets.xcassets; sourceTree = "<group>"; };
		271941F12839BC98000D187F /* Base */ = {isa = PBXFileReference; lastKnownFileType = file.storyboard; name = Base; path = Base.lproj/LaunchScreen.storyboard; sourceTree = "<group>"; };
		271941F32839BC98000D187F /* Info.plist */ = {isa = PBXFileReference; lastKnownFileType = text.plist.xml; path = Info.plist; sourceTree = "<group>"; };
		271941FA2839BCD9000D187F /* NewListTableViewController.swift */ = {isa = PBXFileReference; lastKnownFileType = sourcecode.swift; path = NewListTableViewController.swift; sourceTree = "<group>"; };
		27A0ACC3283ACFC4008CAD24 /* WebServices.swift */ = {isa = PBXFileReference; lastKnownFileType = sourcecode.swift; path = WebServices.swift; sourceTree = "<group>"; };
		27A0ACC6283AD6C1008CAD24 /* Article.swift */ = {isa = PBXFileReference; lastKnownFileType = sourcecode.swift; path = Article.swift; sourceTree = "<group>"; };
		27A0ACCC283AE274008CAD24 /* ArticleTableViewCell.swift */ = {isa = PBXFileReference; lastKnownFileType = sourcecode.swift; path = ArticleTableViewCell.swift; sourceTree = "<group>"; };
		27A0ACCE283AEE8A008CAD24 /* ArticleViewModel.swift */ = {isa = PBXFileReference; lastKnownFileType = sourcecode.swift; path = ArticleViewModel.swift; sourceTree = "<group>"; };
/* End PBXFileReference section */

/* Begin PBXFrameworksBuildPhase section */
		271941DC2839BC97000D187F /* Frameworks */ = {
			isa = PBXFrameworksBuildPhase;
			buildActionMask = 2147483647;
			files = (
			);
			runOnlyForDeploymentPostprocessing = 0;
		};
/* End PBXFrameworksBuildPhase section */

/* Begin PBXGroup section */
		271941D62839BC97000D187F = {
			isa = PBXGroup;
			children = (
				271941E12839BC97000D187F /* goodnews */,
				271941E02839BC97000D187F /* Products */,
			);
			sourceTree = "<group>";
		};
		271941E02839BC97000D187F /* Products */ = {
			isa = PBXGroup;
			children = (
				271941DF2839BC97000D187F /* goodnews.app */,
			);
			name = Products;
			sourceTree = "<group>";
		};
		271941E12839BC97000D187F /* goodnews */ = {
			isa = PBXGroup;
			children = (
				27A0ACCB283AE25D008CAD24 /* Cells */,
				27A0ACC8283ADDEC008CAD24 /* View Models */,
				27A0ACC5283AD6B0008CAD24 /* Models */,
				27A0ACC2283ACFAC008CAD24 /* Services */,
				271941F92839BCA3000D187F /* Controllers */,
				271941E22839BC97000D187F /* AppDelegate.swift */,
				271941E42839BC97000D187F /* SceneDelegate.swift */,
				271941E82839BC97000D187F /* Main.storyboard */,
				271941EE2839BC98000D187F /* Assets.xcassets */,
				271941F02839BC98000D187F /* LaunchScreen.storyboard */,
				271941F32839BC98000D187F /* Info.plist */,
				271941EB2839BC97000D187F /* goodnews.xcdatamodeld */,
			);
			path = goodnews;
			sourceTree = "<group>";
		};
		271941F92839BCA3000D187F /* Controllers */ = {
			isa = PBXGroup;
			children = (
				271941FA2839BCD9000D187F /* NewListTableViewController.swift */,
			);
			path = Controllers;
			sourceTree = "<group>";
		};
		27A0ACC2283ACFAC008CAD24 /* Services */ = {
			isa = PBXGroup;
			children = (
				27A0ACC3283ACFC4008CAD24 /* WebServices.swift */,
			);
			path = Services;
			sourceTree = "<group>";
		};
		27A0ACC5283AD6B0008CAD24 /* Models */ = {
			isa = PBXGroup;
			children = (
				27A0ACC6283AD6C1008CAD24 /* Article.swift */,
			);
			path = Models;
			sourceTree = "<group>";
		};
		27A0ACC8283ADDEC008CAD24 /* View Models */ = {
			isa = PBXGroup;
			children = (
				27A0ACCE283AEE8A008CAD24 /* ArticleViewModel.swift */,
			);
			path = "View Models";
			sourceTree = "<group>";
		};
		27A0ACCB283AE25D008CAD24 /* Cells */ = {
			isa = PBXGroup;
			children = (
				27A0ACCC283AE274008CAD24 /* ArticleTableViewCell.swift */,
			);
			path = Cells;
			sourceTree = "<group>";
		};
/* End PBXGroup section */

/* Begin PBXNativeTarget section */
		271941DE2839BC97000D187F /* goodnews */ = {
			isa = PBXNativeTarget;
			buildConfigurationList = 271941F62839BC98000D187F /* Build configuration list for PBXNativeTarget "goodnews" */;
			buildPhases = (
				271941DB2839BC97000D187F /* Sources */,
				271941DC2839BC97000D187F /* Frameworks */,
				271941DD2839BC97000D187F /* Resources */,
			);
			buildRules = (
			);
			dependencies = (
			);
			name = goodnews;
			productName = goodnews;
			productReference = 271941DF2839BC97000D187F /* goodnews.app */;
			productType = "com.apple.product-type.application";
		};
/* End PBXNativeTarget section */

/* Begin PBXProject section */
		271941D72839BC97000D187F /* Project object */ = {
			isa = PBXProject;
			attributes = {
				BuildIndependentTargetsInParallel = 1;
				LastSwiftUpdateCheck = 1340;
				LastUpgradeCheck = 1340;
				TargetAttributes = {
					271941DE2839BC97000D187F = {
						CreatedOnToolsVersion = 13.4;
					};
				};
			};
			buildConfigurationList = 271941DA2839BC97000D187F /* Build configuration list for PBXProject "goodnews" */;
			compatibilityVersion = "Xcode 13.0";
			developmentRegion = en;
			hasScannedForEncodings = 0;
			knownRegions = (
				en,
				Base,
			);
			mainGroup = 271941D62839BC97000D187F;
			productRefGroup = 271941E02839BC97000D187F /* Products */;
			projectDirPath = "";
			projectRoot = "";
			targets = (
				271941DE2839BC97000D187F /* goodnews */,
			);
		};
/* End PBXProject section */

/* Begin PBXResourcesBuildPhase section */
		271941DD2839BC97000D187F /* Resources */ = {
			isa = PBXResourcesBuildPhase;
			buildActionMask = 2147483647;
			files = (
				271941F22839BC98000D187F /* LaunchScreen.storyboard in Resources */,
				271941EF2839BC98000D187F /* Assets.xcassets in Resources */,
				271941EA2839BC97000D187F /* Main.storyboard in Resources */,
			);
			runOnlyForDeploymentPostprocessing = 0;
		};
/* End PBXResourcesBuildPhase section */

/* Begin PBXSourcesBuildPhase section */
		271941DB2839BC97000D187F /* Sources */ = {
			isa = PBXSourcesBuildPhase;
			buildActionMask = 2147483647;
			files = (
				271941FB2839BCD9000D187F /* NewListTableViewController.swift in Sources */,
				27A0ACCF283AEE8A008CAD24 /* ArticleViewModel.swift in Sources */,
				27A0ACC4283ACFC4008CAD24 /* WebServices.swift in Sources */,
				27A0ACC7283AD6C1008CAD24 /* Article.swift in Sources */,
				271941E32839BC97000D187F /* AppDelegate.swift in Sources */,
				27A0ACCD283AE274008CAD24 /* ArticleTableViewCell.swift in Sources */,
				271941E52839BC97000D187F /* SceneDelegate.swift in Sources */,
				271941ED2839BC97000D187F /* goodnews.xcdatamodeld in Sources */,
			);
			runOnlyForDeploymentPostprocessing = 0;
		};
/* End PBXSourcesBuildPhase section */

/* Begin PBXVariantGroup section */
		271941E82839BC97000D187F /* Main.storyboard */ = {
			isa = PBXVariantGroup;
			children = (
				271941E92839BC97000D187F /* Base */,
			);
			name = Main.storyboard;
			sourceTree = "<group>";
		};
		271941F02839BC98000D187F /* LaunchScreen.storyboard */ = {
			isa = PBXVariantGroup;
			children = (
				271941F12839BC98000D187F /* Base */,
			);
			name = LaunchScreen.storyboard;
			sourceTree = "<group>";
		};
/* End PBXVariantGroup section */

/* Begin XCBuildConfiguration section */
		271941F42839BC98000D187F /* Debug */ = {
			isa = XCBuildConfiguration;
			buildSettings = {
				ALWAYS_SEARCH_USER_PATHS = NO;
				CLANG_ANALYZER_NONNULL = YES;
				CLANG_ANALYZER_NUMBER_OBJECT_CONVERSION = YES_AGGRESSIVE;
				CLANG_CXX_LANGUAGE_STANDARD = "gnu++17";
				CLANG_ENABLE_MODULES = YES;
				CLANG_ENABLE_OBJC_ARC = YES;
				CLANG_ENABLE_OBJC_WEAK = YES;
				CLANG_WARN_BLOCK_CAPTURE_AUTORELEASING = YES;
				CLANG_WARN_BOOL_CONVERSION = YES;
				CLANG_WARN_COMMA = YES;
				CLANG_WARN_CONSTANT_CONVERSION = YES;
				CLANG_WARN_DEPRECATED_OBJC_IMPLEMENTATIONS = YES;
				CLANG_WARN_DIRECT_OBJC_ISA_USAGE = YES_ERROR;
				CLANG_WARN_DOCUMENTATION_COMMENTS = YES;
				CLANG_WARN_EMPTY_BODY = YES;
				CLANG_WARN_ENUM_CONVERSION = YES;
				CLANG_WARN_INFINITE_RECURSION = YES;
				CLANG_WARN_INT_CONVERSION = YES;
				CLANG_WARN_NON_LITERAL_NULL_CONVERSION = YES;
				CLANG_WARN_OBJC_IMPLICIT_RETAIN_SELF = YES;
				CLANG_WARN_OBJC_LITERAL_CONVERSION = YES;
				CLANG_WARN_OBJC_ROOT_CLASS = YES_ERROR;
				CLANG_WARN_QUOTED_INCLUDE_IN_FRAMEWORK_HEADER = YES;
				CLANG_WARN_RANGE_LOOP_ANALYSIS = YES;
				CLANG_WARN_STRICT_PROTOTYPES = YES;
				CLANG_WARN_SUSPICIOUS_MOVE = YES;
				CLANG_WARN_UNGUARDED_AVAILABILITY = YES_AGGRESSIVE;
				CLANG_WARN_UNREACHABLE_CODE = YES;
				CLANG_WARN__DUPLICATE_METHOD_MATCH = YES;
				COPY_PHASE_STRIP = NO;
				DEBUG_INFORMATION_FORMAT = dwarf;
				ENABLE_STRICT_OBJC_MSGSEND = YES;
				ENABLE_TESTABILITY = YES;
				GCC_C_LANGUAGE_STANDARD = gnu11;
				GCC_DYNAMIC_NO_PIC = NO;
				GCC_NO_COMMON_BLOCKS = YES;
				GCC_OPTIMIZATION_LEVEL = 0;
				GCC_PREPROCESSOR_DEFINITIONS = (
					"DEBUG=1",
					"$(inherited)",
				);
				GCC_WARN_64_TO_32_BIT_CONVERSION = YES;
				GCC_WARN_ABOUT_RETURN_TYPE = YES_ERROR;
				GCC_WARN_UNDECLARED_SELECTOR = YES;
				GCC_WARN_UNINITIALIZED_AUTOS = YES_AGGRESSIVE;
				GCC_WARN_UNUSED_FUNCTION = YES;
				GCC_WARN_UNUSED_VARIABLE = YES;
				IPHONEOS_DEPLOYMENT_TARGET = 15.5;
				MTL_ENABLE_DEBUG_INFO = INCLUDE_SOURCE;
				MTL_FAST_MATH = YES;
				ONLY_ACTIVE_ARCH = YES;
				SDKROOT = iphoneos;
				SWIFT_ACTIVE_COMPILATION_CONDITIONS = DEBUG;
				SWIFT_OPTIMIZATION_LEVEL = "-Onone";
			};
			name = Debug;
		};
		271941F52839BC98000D187F /* Release */ = {
			isa = XCBuildConfiguration;
			buildSettings = {
				ALWAYS_SEARCH_USER_PATHS = NO;
				CLANG_ANALYZER_NONNULL = YES;
				CLANG_ANALYZER_NUMBER_OBJECT_CONVERSION = YES_AGGRESSIVE;
				CLANG_CXX_LANGUAGE_STANDARD = "gnu++17";
				CLANG_ENABLE_MODULES = YES;
				CLANG_ENABLE_OBJC_ARC = YES;
				CLANG_ENABLE_OBJC_WEAK = YES;
				CLANG_WARN_BLOCK_CAPTURE_AUTORELEASING = YES;
				CLANG_WARN_BOOL_CONVERSION = YES;
				CLANG_WARN_COMMA = YES;
				CLANG_WARN_CONSTANT_CONVERSION = YES;
				CLANG_WARN_DEPRECATED_OBJC_IMPLEMENTATIONS = YES;
				CLANG_WARN_DIRECT_OBJC_ISA_USAGE = YES_ERROR;
				CLANG_WARN_DOCUMENTATION_COMMENTS = YES;
				CLANG_WARN_EMPTY_BODY = YES;
				CLANG_WARN_ENUM_CONVERSION = YES;
				CLANG_WARN_INFINITE_RECURSION = YES;
				CLANG_WARN_INT_CONVERSION = YES;
				CLANG_WARN_NON_LITERAL_NULL_CONVERSION = YES;
				CLANG_WARN_OBJC_IMPLICIT_RETAIN_SELF = YES;
				CLANG_WARN_OBJC_LITERAL_CONVERSION = YES;
				CLANG_WARN_OBJC_ROOT_CLASS = YES_ERROR;
				CLANG_WARN_QUOTED_INCLUDE_IN_FRAMEWORK_HEADER = YES;
				CLANG_WARN_RANGE_LOOP_ANALYSIS = YES;
				CLANG_WARN_STRICT_PROTOTYPES = YES;
				CLANG_WARN_SUSPICIOUS_MOVE = YES;
				CLANG_WARN_UNGUARDED_AVAILABILITY = YES_AGGRESSIVE;
				CLANG_WARN_UNREACHABLE_CODE = YES;
				CLANG_WARN__DUPLICATE_METHOD_MATCH = YES;
				COPY_PHASE_STRIP = NO;
				DEBUG_INFORMATION_FORMAT = "dwarf-with-dsym";
				ENABLE_NS_ASSERTIONS = NO;
				ENABLE_STRICT_OBJC_MSGSEND = YES;
				GCC_C_LANGUAGE_STANDARD = gnu11;
				GCC_NO_COMMON_BLOCKS = YES;
				GCC_WARN_64_TO_32_BIT_CONVERSION = YES;
				GCC_WARN_ABOUT_RETURN_TYPE = YES_ERROR;
				GCC_WARN_UNDECLARED_SELECTOR = YES;
				GCC_WARN_UNINITIALIZED_AUTOS = YES_AGGRESSIVE;
				GCC_WARN_UNUSED_FUNCTION = YES;
				GCC_WARN_UNUSED_VARIABLE = YES;
				IPHONEOS_DEPLOYMENT_TARGET = 15.5;
				MTL_ENABLE_DEBUG_INFO = NO;
				MTL_FAST_MATH = YES;
				SDKROOT = iphoneos;
				SWIFT_COMPILATION_MODE = wholemodule;
				SWIFT_OPTIMIZATION_LEVEL = "-O";
				VALIDATE_PRODUCT = YES;
			};
			name = Release;
		};
		271941F72839BC98000D187F /* Debug */ = {
			isa = XCBuildConfiguration;
			buildSettings = {
				ASSETCATALOG_COMPILER_APPICON_NAME = AppIcon;
				ASSETCATALOG_COMPILER_GLOBAL_ACCENT_COLOR_NAME = AccentColor;
				CODE_SIGN_STYLE = Automatic;
				CURRENT_PROJECT_VERSION = 1;
				DEVELOPMENT_TEAM = LL7U9T5776;
				GENERATE_INFOPLIST_FILE = YES;
				INFOPLIST_FILE = goodnews/Info.plist;
				INFOPLIST_KEY_UIApplicationSupportsIndirectInputEvents = YES;
				INFOPLIST_KEY_UILaunchStoryboardName = LaunchScreen;
				INFOPLIST_KEY_UIMainStoryboardFile = Main;
				INFOPLIST_KEY_UIStatusBarHidden = NO;
				INFOPLIST_KEY_UISupportedInterfaceOrientations_iPad = "UIInterfaceOrientationPortrait UIInterfaceOrientationPortraitUpsideDown UIInterfaceOrientationLandscapeLeft UIInterfaceOrientationLandscapeRight";
				INFOPLIST_KEY_UISupportedInterfaceOrientations_iPhone = "UIInterfaceOrientationPortrait UIInterfaceOrientationLandscapeLeft UIInterfaceOrientationLandscapeRight";
				LD_RUNPATH_SEARCH_PATHS = (
					"$(inherited)",
					"@executable_path/Frameworks",
				);
				MARKETING_VERSION = 1.0;
				PRODUCT_BUNDLE_IDENTIFIER = CRUD.goodnews;
				PRODUCT_NAME = "$(TARGET_NAME)";
				SWIFT_EMIT_LOC_STRINGS = YES;
				SWIFT_VERSION = 5.0;
				TARGETED_DEVICE_FAMILY = "1,2";
			};
			name = Debug;
		};
		271941F82839BC98000D187F /* Release */ = {
			isa = XCBuildConfiguration;
			buildSettings = {
				ASSETCATALOG_COMPILER_APPICON_NAME = AppIcon;
				ASSETCATALOG_COMPILER_GLOBAL_ACCENT_COLOR_NAME = AccentColor;
				CODE_SIGN_STYLE = Automatic;
				CURRENT_PROJECT_VERSION = 1;
				DEVELOPMENT_TEAM = LL7U9T5776;
				GENERATE_INFOPLIST_FILE = YES;
				INFOPLIST_FILE = goodnews/Info.plist;
				INFOPLIST_KEY_UIApplicationSupportsIndirectInputEvents = YES;
				INFOPLIST_KEY_UILaunchStoryboardName = LaunchScreen;
				INFOPLIST_KEY_UIMainStoryboardFile = Main;
				INFOPLIST_KEY_UIStatusBarHidden = NO;
				INFOPLIST_KEY_UISupportedInterfaceOrientations_iPad = "UIInterfaceOrientationPortrait UIInterfaceOrientationPortraitUpsideDown UIInterfaceOrientationLandscapeLeft UIInterfaceOrientationLandscapeRight";
				INFOPLIST_KEY_UISupportedInterfaceOrientations_iPhone = "UIInterfaceOrientationPortrait UIInterfaceOrientationLandscapeLeft UIInterfaceOrientationLandscapeRight";
				LD_RUNPATH_SEARCH_PATHS = (
					"$(inherited)",
					"@executable_path/Frameworks",
				);
				MARKETING_VERSION = 1.0;
				PRODUCT_BUNDLE_IDENTIFIER = CRUD.goodnews;
				PRODUCT_NAME = "$(TARGET_NAME)";
				SWIFT_EMIT_LOC_STRINGS = YES;
				SWIFT_VERSION = 5.0;
				TARGETED_DEVICE_FAMILY = "1,2";
			};
			name = Release;
		};
/* End XCBuildConfiguration section */

/* Begin XCConfigurationList section */
		271941DA2839BC97000D187F /* Build configuration list for PBXProject "goodnews" */ = {
			isa = XCConfigurationList;
			buildConfigurations = (
				271941F42839BC98000D187F /* Debug */,
				271941F52839BC98000D187F /* Release */,
			);
			defaultConfigurationIsVisible = 0;
			defaultConfigurationName = Release;
		};
		271941F62839BC98000D187F /* Build configuration list for PBXNativeTarget "goodnews" */ = {
			isa = XCConfigurationList;
			buildConfigurations = (
				271941F72839BC98000D187F /* Debug */,
				271941F82839BC98000D187F /* Release */,
			);
			defaultConfigurationIsVisible = 0;
			defaultConfigurationName = Release;
		};
/* End XCConfigurationList section */

/* Begin XCVersionGroup section */
		271941EB2839BC97000D187F /* goodnews.xcdatamodeld */ = {
			isa = XCVersionGroup;
			children = (
				271941EC2839BC97000D187F /* goodnews.xcdatamodel */,
			);
			currentVersion = 271941EC2839BC97000D187F /* goodnews.xcdatamodel */;
			path = goodnews.xcdatamodeld;
			sourceTree = "<group>";
			versionGroupType = wrapper.xcdatamodel;
		};
/* End XCVersionGroup section */
	};
	rootObject = 271941D72839BC97000D187F /* Project object */;
}
